
Microsoft Visual Studio Solution File, Format Version 12.00
# Visual Studio Version 17
VisualStudioVersion = 17.6.33723.286
MinimumVisualStudioVersion = 10.0.40219.1
Project("{FAE04EC0-301F-11D3-BF4B-00C04F79EFBC}") = "ConsoleProject", "ConsoleProject\ConsoleProject.csproj", "{82E695DE-FC6A-40AB-96E5-55CED94ACFCB}"
EndProject
Global
	GlobalSection(SolutionConfigurationPlatforms) = preSolution
		Debug|Any CPU = Debug|Any CPU
		Release|Any CPU = Release|Any CPU
	EndGlobalSection
	GlobalSection(ProjectConfigurationPlatforms) = postSolution
		{82E695DE-FC6A-40AB-96E5-55CED94ACFCB}.Debug|Any CPU.ActiveCfg = Debug|Any CPU
		{82E695DE-FC6A-40AB-96E5-55CED94ACFCB}.Debug|Any CPU.Build.0 = Debug|Any CPU
		{82E695DE-FC6A-40AB-96E5-55CED94ACFCB}.Release|Any CPU.ActiveCfg = Release|Any CPU
		{82E695DE-FC6A-40AB-96E5-55CED94ACFCB}.Release|Any CPU.Build.0 = Release|Any CPU
	EndGlobalSection
	GlobalSection(SolutionProperties) = preSolution
		HideSolutionNode = FALSE
	EndGlobalSection
	GlobalSection(ExtensibilityGlobals) = postSolution
		SolutionGuid = {13FBA6BF-744A-4439-995D-EFB1A4441CC4}
	EndGlobalSection
EndGlobal
